<?xml version="1.0" encoding="utf-8"?>
<Project ToolsVersion="4.0" xmlns="http://schemas.microsoft.com/developer/msbuild/2003">
  <ItemGroup>
    <Filter Include="Source Files">
      <UniqueIdentifier>{4FC737F1-C7A5-4376-A066-2A32D752A2FF}</UniqueIdentifier>
      <Extensions>cpp;c;cc;cxx;c++;cppm;ixx;def;odl;idl;hpj;bat;asm;asmx</Extensions>
    </Filter>
    <Filter Include="Header Files">
      <UniqueIdentifier>{93995380-89BD-4b04-88EB-625FBE52EBFB}</UniqueIdentifier>
      <Extensions>h;hh;hpp;hxx;h++;hm;inl;inc;ipp;xsd</Extensions>
    </Filter>
    <Filter Include="Resource Files">
      <UniqueIdentifier>{67DA6AB6-F800-4c08-8B7A-83BB121AAD01}</UniqueIdentifier>
      <Extensions>rc;ico;cur;bmp;dlg;rc2;rct;bin;rgs;gif;jpg;jpeg;jpe;resx;tiff;tif;png;wav;mfcribbon-ms</Extensions>
    </Filter>
    <Filter Include="Header Files\Compression">
      <UniqueIdentifier>{6c6b7447-bed0-4c2a-ae82-a4cf975b6096}</UniqueIdentifier>
    </Filter>
    <Filter Include="Source Files\Compression">
      <UniqueIdentifier>{108a4048-291c-41ff-8015-431763ec41be}</UniqueIdentifier>
    </Filter>
  </ItemGroup>
  <ItemGroup>
    <ClInclude Include="uTor_memory.h">
      <Filter>Header Files</Filter>
    </ClInclude>
    <ClInclude Include="uTor_time.h">
      <Filter>Header Files</Filter>
    </ClInclude>
    <ClInclude Include="uTor_string.h">
      <Filter>Header Files</Filter>
    </ClInclude>
    <ClInclude Include="uTor_base64.h">
      <Filter>Header Files</Filter>
    </ClInclude>
    <ClInclude Include="tinf.h">
      <Filter>Header Files\Compression</Filter>
    </ClInclude>
    <ClInclude Include="uTor_debug.h">
      <Filter>Header Files</Filter>
    </ClInclude>
  </ItemGroup>
  <ItemGroup>
    <ClCompile Include="uTor_memory.c">
      <Filter>Source Files</Filter>
    </ClCompile>
    <ClCompile Include="uTor_time.c">
      <Filter>Source Files</Filter>
    </ClCompile>
    <ClCompile Include="uTor_string.c">
      <Filter>Source Files</Filter>
    </ClCompile>
    <ClCompile Include="uTor_base64.c">
      <Filter>Source Files</Filter>
    </ClCompile>
    <ClCompile Include="tinf_adler32.c">
      <Filter>Source Files\Compression</Filter>
    </ClCompile>
    <ClCompile Include="tinf_crc32.c">
      <Filter>Source Files\Compression</Filter>
    </ClCompile>
    <ClCompile Include="tinf_gzip.c">
      <Filter>Source Files\Compression</Filter>
    </ClCompile>
    <ClCompile Include="tinf_inflate.c">
      <Filter>Source Files\Compression</Filter>
    </ClCompile>
    <ClCompile Include="tinf_zlib.c">
      <Filter>Source Files\Compression</Filter>
    </ClCompile>
    <ClCompile Include="uTor_debug.c">
      <Filter>Source Files</Filter>
    </ClCompile>
  </ItemGroup>
</Project>